Microsoft Visual Studio Solution File, Format Version 11.00
# Visual Studio 2008

Project("{571995A8-FD7B-97E4-378B-6C2E6C44994F}") = "EYD", "Assembly-CSharp-firstpass-vs.csproj", "{D009D39B-3C53-BE88-48A8-20B67FB042C8}"
EndProject
Project("{571995A8-FD7B-97E4-378B-6C2E6C44994F}") = "EYD", "Assembly-CSharp-vs.csproj", "{D0359F72-9A84-0886-D6DF-F128F7DDF680}"
EndProject
Project("{571995A8-FD7B-97E4-378B-6C2E6C44994F}") = "EYD", "Assembly-CSharp-Editor-vs.csproj", "{76B526C7-DB1D-C2E1-125A-B383E10EBA71}"
EndProject
Global
	GlobalSection(SolutionConfigurationPlatforms) = preSolution
		Debug|Any CPU = Debug|Any CPU
		Release|Any CPU = Release|Any CPU
	EndGlobalSection
	GlobalSection(ProjectConfigurationPlatforms) = postSolution
		{D009D39B-3C53-BE88-48A8-20B67FB042C8}.Debug|Any CPU.ActiveCfg = Debug|Any CPU
		{D009D39B-3C53-BE88-48A8-20B67FB042C8}.Debug|Any CPU.Build.0 = Debug|Any CPU
		{D009D39B-3C53-BE88-48A8-20B67FB042C8}.Release|Any CPU.ActiveCfg = Release|Any CPU
		{D009D39B-3C53-BE88-48A8-20B67FB042C8}.Release|Any CPU.Build.0 = Release|Any CPU
		{D0359F72-9A84-0886-D6DF-F128F7DDF680}.Debug|Any CPU.ActiveCfg = Debug|Any CPU
		{D0359F72-9A84-0886-D6DF-F128F7DDF680}.Debug|Any CPU.Build.0 = Debug|Any CPU
		{D0359F72-9A84-0886-D6DF-F128F7DDF680}.Release|Any CPU.ActiveCfg = Release|Any CPU
		{D0359F72-9A84-0886-D6DF-F128F7DDF680}.Release|Any CPU.Build.0 = Release|Any CPU
		{76B526C7-DB1D-C2E1-125A-B383E10EBA71}.Debug|Any CPU.ActiveCfg = Debug|Any CPU
		{76B526C7-DB1D-C2E1-125A-B383E10EBA71}.Debug|Any CPU.Build.0 = Debug|Any CPU
		{76B526C7-DB1D-C2E1-125A-B383E10EBA71}.Release|Any CPU.ActiveCfg = Release|Any CPU
		{76B526C7-DB1D-C2E1-125A-B383E10EBA71}.Release|Any CPU.Build.0 = Release|Any CPU
	EndGlobalSection
	GlobalSection(SolutionProperties) = preSolution
		HideSolutionNode = FALSE
	EndGlobalSection
																																																																																							GlobalSection(MonoDevelopProperties) = preSolution
=======
																																																																									GlobalSection(MonoDevelopProperties) = preSolution
>>>>>>> origin/master
=======
																																																	GlobalSection(MonoDevelopProperties) = preSolution
>>>>>>> origin/master
=======
																						GlobalSection(MonoDevelopProperties) = preSolution
>>>>>>> origin/master
=======
																								GlobalSection(MonoDevelopProperties) = preSolution
>>>>>>> dfa11740ec125c60d00d35c8f40de8728680ec9d
		StartupItem = Assembly-CSharp.csproj
		Policies = $0
		$0.TextStylePolicy = $1
		$1.inheritsSet = null
		$1.scope = text/x-csharp
		$0.CSharpFormattingPolicy = $2
		$2.inheritsSet = Mono
		$2.inheritsScope = text/x-csharp
		$2.scope = text/x-csharp
		$0.TextStylePolicy = $3
		$3.FileWidth = 120
		$3.TabWidth = 4
		$3.IndentWidth = 4
		$3.EolMarker = Unix
		$3.inheritsSet = Mono
		$3.inheritsScope = text/plain
		$3.scope = text/plain
	EndGlobalSection

EndGlobal
